
Microsoft Visual Studio Solution File, Format Version 12.00
# Visual Studio Version 16
VisualStudioVersion = 16.0.30717.126
MinimumVisualStudioVersion = 10.0.40219.1
Project("{FAE04EC0-301F-11D3-BF4B-00C04F79EFBC}") = "ConsoleAppRand", "ConsoleAppRand\ConsoleAppRand.csproj", "{AE402D66-23CF-49E9-B8FC-C63FBEA0F634}"
EndProject
Global
	GlobalSection(SolutionConfigurationPlatforms) = preSolution
		Debug|Any CPU = Debug|Any CPU
		Release|Any CPU = Release|Any CPU
	EndGlobalSection
	GlobalSection(ProjectConfigurationPlatforms) = postSolution
		{AE402D66-23CF-49E9-B8FC-C63FBEA0F634}.Debug|Any CPU.ActiveCfg = Debug|Any CPU
		{AE402D66-23CF-49E9-B8FC-C63FBEA0F634}.Debug|Any CPU.Build.0 = Debug|Any CPU
		{AE402D66-23CF-49E9-B8FC-C63FBEA0F634}.Release|Any CPU.ActiveCfg = Release|Any CPU
		{AE402D66-23CF-49E9-B8FC-C63FBEA0F634}.Release|Any CPU.Build.0 = Release|Any CPU
	EndGlobalSection
	GlobalSection(SolutionProperties) = preSolution
		HideSolutionNode = FALSE
	EndGlobalSection
	GlobalSection(ExtensibilityGlobals) = postSolution
		SolutionGuid = {4681698C-CAE5-4BB8-AA5B-3EDEA7463805}
	EndGlobalSection
EndGlobal
